
Microsoft Visual Studio Solution File, Format Version 12.00
# Visual Studio 15
VisualStudioVersion = 15.0.28010.2016
MinimumVisualStudioVersion = 10.0.40219.1
Project("{8BC9CEB8-8B4A-11D0-8D11-00A0C91BC942}") = "raygame", "raygame\raygame.vcxproj", "{100AB646-1529-43F3-B9D1-2C0A798642FF}"
EndProject
Project("{8BC9CEB8-8B4A-11D0-8D11-00A0C91BC942}") = "OperatorOverloading", "OperatorOverloading\OperatorOverloading.vcxproj", "{6CEEEF7C-959B-4A98-9219-6D2A9AB6BF12}"
EndProject
Project("{8BC9CEB8-8B4A-11D0-8D11-00A0C91BC942}") = "MyColor", "MyColor\MyColor.vcxproj", "{058F15DD-4CFC-4A44-A705-E33DA7B74DF1}"
EndProject
Project("{8BC9CEB8-8B4A-11D0-8D11-00A0C91BC942}") = "DeepCopyvsShallowCopy", "DeepCopyvsShallowCopy\DeepCopyvsShallowCopy.vcxproj", "{97DA1AF5-EBC6-448D-9A40-36B028110AC0}"
EndProject
Project("{8BC9CEB8-8B4A-11D0-8D11-00A0C91BC942}") = "ImplicitConversionsAndCasting", "ImplicitConversionsAndCasting\ImplicitConversionsAndCasting.vcxproj", "{5C3E7D90-537D-4329-BCFE-C4B2E136C053}"
EndProject
Project("{8BC9CEB8-8B4A-11D0-8D11-00A0C91BC942}") = "Inheritance", "Inheritance\Inheritance.vcxproj", "{830D41FA-18D6-4D58-9103-E05FE9ABF2F9}"
EndProject
Project("{8BC9CEB8-8B4A-11D0-8D11-00A0C91BC942}") = "Polymorphism", "Polymorphism\Polymorphism.vcxproj", "{5C1C6E36-4D83-46A4-AC19-A9DFACE79C55}"
EndProject
Project("{8BC9CEB8-8B4A-11D0-8D11-00A0C91BC942}") = "Templates", "Templates\Templates.vcxproj", "{EA38B265-A3C8-4A5A-96EA-3CC3B9DB8820}"
EndProject
Project("{8BC9CEB8-8B4A-11D0-8D11-00A0C91BC942}") = "ConstantsTypedefsAndStatic", "ConstantsTypedefsAndStatic\ConstantsTypedefsAndStatic.vcxproj", "{D61A069B-B1BF-4837-A9D3-729DC87D4CDB}"
EndProject
Project("{8BC9CEB8-8B4A-11D0-8D11-00A0C91BC942}") = "DynamicArrays", "DynamicArrays\DynamicArrays.vcxproj", "{DEA29C9A-4A6C-4662-8D68-1CBFCB82ACA2}"
EndProject
Project("{8BC9CEB8-8B4A-11D0-8D11-00A0C91BC942}") = "Stacks", "Stacks\Stacks.vcxproj", "{26FF4D4D-8DD6-453E-936A-963C742CD0CF}"
EndProject
Project("{8BC9CEB8-8B4A-11D0-8D11-00A0C91BC942}") = "Queues", "Queues\Queues.vcxproj", "{3C6504C1-D76F-48D5-ABED-FB03D7D9304B}"
EndProject
Project("{8BC9CEB8-8B4A-11D0-8D11-00A0C91BC942}") = "LinkedLists", "LinkedLists\LinkedLists.vcxproj", "{DE3ACA57-56B9-44E4-8135-1A54F9985F98}"
EndProject
Project("{8BC9CEB8-8B4A-11D0-8D11-00A0C91BC942}") = "BubbleSortInsertionSort", "BubbleSortInsertionSort\BubbleSortInsertionSort.vcxproj", "{39EF9323-63F1-4D5B-BC85-B13EB71A229D}"
EndProject
Global
	GlobalSection(SolutionConfigurationPlatforms) = preSolution
		Debug|x64 = Debug|x64
		Debug|x86 = Debug|x86
		Release|x64 = Release|x64
		Release|x86 = Release|x86
	EndGlobalSection
	GlobalSection(ProjectConfigurationPlatforms) = postSolution
		{100AB646-1529-43F3-B9D1-2C0A798642FF}.Debug|x64.ActiveCfg = Debug|x64
		{100AB646-1529-43F3-B9D1-2C0A798642FF}.Debug|x64.Build.0 = Debug|x64
		{100AB646-1529-43F3-B9D1-2C0A798642FF}.Debug|x86.ActiveCfg = Debug|Win32
		{100AB646-1529-43F3-B9D1-2C0A798642FF}.Debug|x86.Build.0 = Debug|Win32
		{100AB646-1529-43F3-B9D1-2C0A798642FF}.Release|x64.ActiveCfg = Release|x64
		{100AB646-1529-43F3-B9D1-2C0A798642FF}.Release|x64.Build.0 = Release|x64
		{100AB646-1529-43F3-B9D1-2C0A798642FF}.Release|x86.ActiveCfg = Release|Win32
		{100AB646-1529-43F3-B9D1-2C0A798642FF}.Release|x86.Build.0 = Release|Win32
		{6CEEEF7C-959B-4A98-9219-6D2A9AB6BF12}.Debug|x64.ActiveCfg = Debug|x64
		{6CEEEF7C-959B-4A98-9219-6D2A9AB6BF12}.Debug|x64.Build.0 = Debug|x64
		{6CEEEF7C-959B-4A98-9219-6D2A9AB6BF12}.Debug|x86.ActiveCfg = Debug|Win32
		{6CEEEF7C-959B-4A98-9219-6D2A9AB6BF12}.Debug|x86.Build.0 = Debug|Win32
		{6CEEEF7C-959B-4A98-9219-6D2A9AB6BF12}.Release|x64.ActiveCfg = Release|x64
		{6CEEEF7C-959B-4A98-9219-6D2A9AB6BF12}.Release|x64.Build.0 = Release|x64
		{6CEEEF7C-959B-4A98-9219-6D2A9AB6BF12}.Release|x86.ActiveCfg = Release|Win32
		{6CEEEF7C-959B-4A98-9219-6D2A9AB6BF12}.Release|x86.Build.0 = Release|Win32
		{058F15DD-4CFC-4A44-A705-E33DA7B74DF1}.Debug|x64.ActiveCfg = Debug|x64
		{058F15DD-4CFC-4A44-A705-E33DA7B74DF1}.Debug|x64.Build.0 = Debug|x64
		{058F15DD-4CFC-4A44-A705-E33DA7B74DF1}.Debug|x86.ActiveCfg = Debug|Win32
		{058F15DD-4CFC-4A44-A705-E33DA7B74DF1}.Debug|x86.Build.0 = Debug|Win32
		{058F15DD-4CFC-4A44-A705-E33DA7B74DF1}.Release|x64.ActiveCfg = Release|x64
		{058F15DD-4CFC-4A44-A705-E33DA7B74DF1}.Release|x64.Build.0 = Release|x64
		{058F15DD-4CFC-4A44-A705-E33DA7B74DF1}.Release|x86.ActiveCfg = Release|Win32
		{058F15DD-4CFC-4A44-A705-E33DA7B74DF1}.Release|x86.Build.0 = Release|Win32
		{97DA1AF5-EBC6-448D-9A40-36B028110AC0}.Debug|x64.ActiveCfg = Debug|x64
		{97DA1AF5-EBC6-448D-9A40-36B028110AC0}.Debug|x64.Build.0 = Debug|x64
		{97DA1AF5-EBC6-448D-9A40-36B028110AC0}.Debug|x86.ActiveCfg = Debug|Win32
		{97DA1AF5-EBC6-448D-9A40-36B028110AC0}.Debug|x86.Build.0 = Debug|Win32
		{97DA1AF5-EBC6-448D-9A40-36B028110AC0}.Release|x64.ActiveCfg = Release|x64
		{97DA1AF5-EBC6-448D-9A40-36B028110AC0}.Release|x64.Build.0 = Release|x64
		{97DA1AF5-EBC6-448D-9A40-36B028110AC0}.Release|x86.ActiveCfg = Release|Win32
		{97DA1AF5-EBC6-448D-9A40-36B028110AC0}.Release|x86.Build.0 = Release|Win32
		{5C3E7D90-537D-4329-BCFE-C4B2E136C053}.Debug|x64.ActiveCfg = Debug|x64
		{5C3E7D90-537D-4329-BCFE-C4B2E136C053}.Debug|x64.Build.0 = Debug|x64
		{5C3E7D90-537D-4329-BCFE-C4B2E136C053}.Debug|x86.ActiveCfg = Debug|Win32
		{5C3E7D90-537D-4329-BCFE-C4B2E136C053}.Debug|x86.Build.0 = Debug|Win32
		{5C3E7D90-537D-4329-BCFE-C4B2E136C053}.Release|x64.ActiveCfg = Release|x64
		{5C3E7D90-537D-4329-BCFE-C4B2E136C053}.Release|x64.Build.0 = Release|x64
		{5C3E7D90-537D-4329-BCFE-C4B2E136C053}.Release|x86.ActiveCfg = Release|Win32
		{5C3E7D90-537D-4329-BCFE-C4B2E136C053}.Release|x86.Build.0 = Release|Win32
		{830D41FA-18D6-4D58-9103-E05FE9ABF2F9}.Debug|x64.ActiveCfg = Debug|x64
		{830D41FA-18D6-4D58-9103-E05FE9ABF2F9}.Debug|x64.Build.0 = Debug|x64
		{830D41FA-18D6-4D58-9103-E05FE9ABF2F9}.Debug|x86.ActiveCfg = Debug|Win32
		{830D41FA-18D6-4D58-9103-E05FE9ABF2F9}.Debug|x86.Build.0 = Debug|Win32
		{830D41FA-18D6-4D58-9103-E05FE9ABF2F9}.Release|x64.ActiveCfg = Release|x64
		{830D41FA-18D6-4D58-9103-E05FE9ABF2F9}.Release|x64.Build.0 = Release|x64
		{830D41FA-18D6-4D58-9103-E05FE9ABF2F9}.Release|x86.ActiveCfg = Release|Win32
		{830D41FA-18D6-4D58-9103-E05FE9ABF2F9}.Release|x86.Build.0 = Release|Win32
		{5C1C6E36-4D83-46A4-AC19-A9DFACE79C55}.Debug|x64.ActiveCfg = Debug|x64
		{5C1C6E36-4D83-46A4-AC19-A9DFACE79C55}.Debug|x64.Build.0 = Debug|x64
		{5C1C6E36-4D83-46A4-AC19-A9DFACE79C55}.Debug|x86.ActiveCfg = Debug|Win32
		{5C1C6E36-4D83-46A4-AC19-A9DFACE79C55}.Debug|x86.Build.0 = Debug|Win32
		{5C1C6E36-4D83-46A4-AC19-A9DFACE79C55}.Release|x64.ActiveCfg = Release|x64
		{5C1C6E36-4D83-46A4-AC19-A9DFACE79C55}.Release|x64.Build.0 = Release|x64
		{5C1C6E36-4D83-46A4-AC19-A9DFACE79C55}.Release|x86.ActiveCfg = Release|Win32
		{5C1C6E36-4D83-46A4-AC19-A9DFACE79C55}.Release|x86.Build.0 = Release|Win32
		{EA38B265-A3C8-4A5A-96EA-3CC3B9DB8820}.Debug|x64.ActiveCfg = Debug|x64
		{EA38B265-A3C8-4A5A-96EA-3CC3B9DB8820}.Debug|x64.Build.0 = Debug|x64
		{EA38B265-A3C8-4A5A-96EA-3CC3B9DB8820}.Debug|x86.ActiveCfg = Debug|Win32
		{EA38B265-A3C8-4A5A-96EA-3CC3B9DB8820}.Debug|x86.Build.0 = Debug|Win32
		{EA38B265-A3C8-4A5A-96EA-3CC3B9DB8820}.Release|x64.ActiveCfg = Release|x64
		{EA38B265-A3C8-4A5A-96EA-3CC3B9DB8820}.Release|x64.Build.0 = Release|x64
		{EA38B265-A3C8-4A5A-96EA-3CC3B9DB8820}.Release|x86.ActiveCfg = Release|Win32
		{EA38B265-A3C8-4A5A-96EA-3CC3B9DB8820}.Release|x86.Build.0 = Release|Win32
		{D61A069B-B1BF-4837-A9D3-729DC87D4CDB}.Debug|x64.ActiveCfg = Debug|x64
		{D61A069B-B1BF-4837-A9D3-729DC87D4CDB}.Debug|x64.Build.0 = Debug|x64
		{D61A069B-B1BF-4837-A9D3-729DC87D4CDB}.Debug|x86.ActiveCfg = Debug|Win32
		{D61A069B-B1BF-4837-A9D3-729DC87D4CDB}.Debug|x86.Build.0 = Debug|Win32
		{D61A069B-B1BF-4837-A9D3-729DC87D4CDB}.Release|x64.ActiveCfg = Release|x64
		{D61A069B-B1BF-4837-A9D3-729DC87D4CDB}.Release|x64.Build.0 = Release|x64
		{D61A069B-B1BF-4837-A9D3-729DC87D4CDB}.Release|x86.ActiveCfg = Release|Win32
		{D61A069B-B1BF-4837-A9D3-729DC87D4CDB}.Release|x86.Build.0 = Release|Win32
		{DEA29C9A-4A6C-4662-8D68-1CBFCB82ACA2}.Debug|x64.ActiveCfg = Debug|x64
		{DEA29C9A-4A6C-4662-8D68-1CBFCB82ACA2}.Debug|x64.Build.0 = Debug|x64
		{DEA29C9A-4A6C-4662-8D68-1CBFCB82ACA2}.Debug|x86.ActiveCfg = Debug|Win32
		{DEA29C9A-4A6C-4662-8D68-1CBFCB82ACA2}.Debug|x86.Build.0 = Debug|Win32
		{DEA29C9A-4A6C-4662-8D68-1CBFCB82ACA2}.Release|x64.ActiveCfg = Release|x64
		{DEA29C9A-4A6C-4662-8D68-1CBFCB82ACA2}.Release|x64.Build.0 = Release|x64
		{DEA29C9A-4A6C-4662-8D68-1CBFCB82ACA2}.Release|x86.ActiveCfg = Release|Win32
		{DEA29C9A-4A6C-4662-8D68-1CBFCB82ACA2}.Release|x86.Build.0 = Release|Win32
		{26FF4D4D-8DD6-453E-936A-963C742CD0CF}.Debug|x64.ActiveCfg = Debug|x64
		{26FF4D4D-8DD6-453E-936A-963C742CD0CF}.Debug|x64.Build.0 = Debug|x64
		{26FF4D4D-8DD6-453E-936A-963C742CD0CF}.Debug|x86.ActiveCfg = Debug|Win32
		{26FF4D4D-8DD6-453E-936A-963C742CD0CF}.Debug|x86.Build.0 = Debug|Win32
		{26FF4D4D-8DD6-453E-936A-963C742CD0CF}.Release|x64.ActiveCfg = Release|x64
		{26FF4D4D-8DD6-453E-936A-963C742CD0CF}.Release|x64.Build.0 = Release|x64
		{26FF4D4D-8DD6-453E-936A-963C742CD0CF}.Release|x86.ActiveCfg = Release|Win32
		{26FF4D4D-8DD6-453E-936A-963C742CD0CF}.Release|x86.Build.0 = Release|Win32
		{3C6504C1-D76F-48D5-ABED-FB03D7D9304B}.Debug|x64.ActiveCfg = Debug|x64
		{3C6504C1-D76F-48D5-ABED-FB03D7D9304B}.Debug|x64.Build.0 = Debug|x64
		{3C6504C1-D76F-48D5-ABED-FB03D7D9304B}.Debug|x86.ActiveCfg = Debug|Win32
		{3C6504C1-D76F-48D5-ABED-FB03D7D9304B}.Debug|x86.Build.0 = Debug|Win32
		{3C6504C1-D76F-48D5-ABED-FB03D7D9304B}.Release|x64.ActiveCfg = Release|x64
		{3C6504C1-D76F-48D5-ABED-FB03D7D9304B}.Release|x64.Build.0 = Release|x64
		{3C6504C1-D76F-48D5-ABED-FB03D7D9304B}.Release|x86.ActiveCfg = Release|Win32
		{3C6504C1-D76F-48D5-ABED-FB03D7D9304B}.Release|x86.Build.0 = Release|Win32
		{DE3ACA57-56B9-44E4-8135-1A54F9985F98}.Debug|x64.ActiveCfg = Debug|x64
		{DE3ACA57-56B9-44E4-8135-1A54F9985F98}.Debug|x64.Build.0 = Debug|x64
		{DE3ACA57-56B9-44E4-8135-1A54F9985F98}.Debug|x86.ActiveCfg = Debug|Win32
		{DE3ACA57-56B9-44E4-8135-1A54F9985F98}.Debug|x86.Build.0 = Debug|Win32
		{DE3ACA57-56B9-44E4-8135-1A54F9985F98}.Release|x64.ActiveCfg = Release|x64
		{DE3ACA57-56B9-44E4-8135-1A54F9985F98}.Release|x64.Build.0 = Release|x64
		{DE3ACA57-56B9-44E4-8135-1A54F9985F98}.Release|x86.ActiveCfg = Release|Win32
		{DE3ACA57-56B9-44E4-8135-1A54F9985F98}.Release|x86.Build.0 = Release|Win32
		{39EF9323-63F1-4D5B-BC85-B13EB71A229D}.Debug|x64.ActiveCfg = Debug|x64
		{39EF9323-63F1-4D5B-BC85-B13EB71A229D}.Debug|x64.Build.0 = Debug|x64
		{39EF9323-63F1-4D5B-BC85-B13EB71A229D}.Debug|x86.ActiveCfg = Debug|Win32
		{39EF9323-63F1-4D5B-BC85-B13EB71A229D}.Debug|x86.Build.0 = Debug|Win32
		{39EF9323-63F1-4D5B-BC85-B13EB71A229D}.Release|x64.ActiveCfg = Release|x64
		{39EF9323-63F1-4D5B-BC85-B13EB71A229D}.Release|x64.Build.0 = Release|x64
		{39EF9323-63F1-4D5B-BC85-B13EB71A229D}.Release|x86.ActiveCfg = Release|Win32
		{39EF9323-63F1-4D5B-BC85-B13EB71A229D}.Release|x86.Build.0 = Release|Win32
	EndGlobalSection
	GlobalSection(SolutionProperties) = preSolution
		HideSolutionNode = FALSE
	EndGlobalSection
	GlobalSection(ExtensibilityGlobals) = postSolution
		SolutionGuid = {2B7D185B-8DCA-4523-AF9D-1D81DEF37C04}
	EndGlobalSection
EndGlobal
